
Microsoft Visual Studio Solution File, Format Version 12.00
# Visual Studio Version 17
VisualStudioVersion = 17.3.32929.385
MinimumVisualStudioVersion = 10.0.40219.1
Project("{FAE04EC0-301F-11D3-BF4B-00C04F79EFBC}") = "BirthCertificate", "BirthCertificate\BirthCertificate.csproj", "{924728F9-C626-45ED-97C0-C1AD50ADBC33}"
EndProject
Project("{FAE04EC0-301F-11D3-BF4B-00C04F79EFBC}") = "BLL", "BLL\BLL.csproj", "{4F4BAE2E-28CC-409C-88C8-C10E519E6DC0}"
EndProject
Project("{FAE04EC0-301F-11D3-BF4B-00C04F79EFBC}") = "DAL", "DAL\DAL.csproj", "{158F182E-FA8A-47A6-879E-6F4E262412DA}"
EndProject
Global
	GlobalSection(SolutionConfigurationPlatforms) = preSolution
		Debug|Any CPU = Debug|Any CPU
		Release|Any CPU = Release|Any CPU
	EndGlobalSection
	GlobalSection(ProjectConfigurationPlatforms) = postSolution
		{924728F9-C626-45ED-97C0-C1AD50ADBC33}.Debug|Any CPU.ActiveCfg = Debug|Any CPU
		{924728F9-C626-45ED-97C0-C1AD50ADBC33}.Debug|Any CPU.Build.0 = Debug|Any CPU
		{924728F9-C626-45ED-97C0-C1AD50ADBC33}.Release|Any CPU.ActiveCfg = Release|Any CPU
		{924728F9-C626-45ED-97C0-C1AD50ADBC33}.Release|Any CPU.Build.0 = Release|Any CPU
		{4F4BAE2E-28CC-409C-88C8-C10E519E6DC0}.Debug|Any CPU.ActiveCfg = Debug|Any CPU
		{4F4BAE2E-28CC-409C-88C8-C10E519E6DC0}.Debug|Any CPU.Build.0 = Debug|Any CPU
		{4F4BAE2E-28CC-409C-88C8-C10E519E6DC0}.Release|Any CPU.ActiveCfg = Release|Any CPU
		{4F4BAE2E-28CC-409C-88C8-C10E519E6DC0}.Release|Any CPU.Build.0 = Release|Any CPU
		{158F182E-FA8A-47A6-879E-6F4E262412DA}.Debug|Any CPU.ActiveCfg = Debug|Any CPU
		{158F182E-FA8A-47A6-879E-6F4E262412DA}.Debug|Any CPU.Build.0 = Debug|Any CPU
		{158F182E-FA8A-47A6-879E-6F4E262412DA}.Release|Any CPU.ActiveCfg = Release|Any CPU
		{158F182E-FA8A-47A6-879E-6F4E262412DA}.Release|Any CPU.Build.0 = Release|Any CPU
	EndGlobalSection
	GlobalSection(SolutionProperties) = preSolution
		HideSolutionNode = FALSE
	EndGlobalSection
	GlobalSection(ExtensibilityGlobals) = postSolution
		SolutionGuid = {404B803E-3766-4CE2-A646-7EB0157BE816}
	EndGlobalSection
EndGlobal
